
Microsoft Visual Studio Solution File, Format Version 11.00
# Visual Studio 2010
Project("{FAE04EC0-301F-11D3-BF4B-00C04F79EFBC}") = "web1", "web1\web1.csproj", "{B8066C2E-1E15-4331-A762-1122E23866C0}"
EndProject
Global
	GlobalSection(SolutionConfigurationPlatforms) = preSolution
		Debug|Any CPU = Debug|Any CPU
		Release|Any CPU = Release|Any CPU
	EndGlobalSection
	GlobalSection(ProjectConfigurationPlatforms) = postSolution
		{B8066C2E-1E15-4331-A762-1122E23866C0}.Debug|Any CPU.ActiveCfg = Debug|Any CPU
		{B8066C2E-1E15-4331-A762-1122E23866C0}.Debug|Any CPU.Build.0 = Debug|Any CPU
		{B8066C2E-1E15-4331-A762-1122E23866C0}.Release|Any CPU.ActiveCfg = Release|Any CPU
		{B8066C2E-1E15-4331-A762-1122E23866C0}.Release|Any CPU.Build.0 = Release|Any CPU
	EndGlobalSection
	GlobalSection(SolutionProperties) = preSolution
		HideSolutionNode = FALSE
	EndGlobalSection
EndGlobal
